PODS:
  - Alamofire (4.0.1)
  - AWSCore (2.4.11)
  - AWSS3 (2.4.11):
    - AWSCore (= 2.4.11)

DEPENDENCIES:
  - Alamofire
  - AWSCore
  - AWSS3

SPEC CHECKSUMS:
  Alamofire: 7682d43245de14874acd142ec137b144aa1dd335
  AWSCore: e66b0f50d68f9897cc9e68471062f0cb5379eec5
  AWSS3: 2f90735901744687eaeb91621fa62ee921db6510

PODFILE CHECKSUM: 25b80f2309caeb15a736cd295c9522c760bc5f63

COCOAPODS: 1.2.0
